
Microsoft Visual Studio Solution File, Format Version 12.00
# Visual Studio 15
Project("{FAE04EC0-301F-11D3-BF4B-00C04F79EFBC}") = "PizzaLike", "PizzaLike.csproj", "{3CB2A493-DC9C-8104-9A26-717949AF1A98}"
EndProject
Project("{FAE04EC0-301F-11D3-BF4B-00C04F79EFBC}") = "PizzaLike.Editor", "PizzaLike.Editor.csproj", "{249BC96F-2EF4-13CF-4B35-E43821F7DC0A}"
EndProject
Global
	GlobalSection(SolutionConfigurationPlatforms) = preSolution
		Debug|Any CPU = Debug|Any CPU
		Release|Any CPU = Release|Any CPU
	EndGlobalSection
	GlobalSection(ProjectConfigurationPlatforms) = postSolution
		{3CB2A493-DC9C-8104-9A26-717949AF1A98}.Debug|Any CPU.ActiveCfg = Debug|Any CPU
		{3CB2A493-DC9C-8104-9A26-717949AF1A98}.Debug|Any CPU.Build.0 = Debug|Any CPU
		{3CB2A493-DC9C-8104-9A26-717949AF1A98}.Release|Any CPU.ActiveCfg = Release|Any CPU
		{3CB2A493-DC9C-8104-9A26-717949AF1A98}.Release|Any CPU.Build.0 = Release|Any CPU
		{249BC96F-2EF4-13CF-4B35-E43821F7DC0A}.Debug|Any CPU.ActiveCfg = Debug|Any CPU
		{249BC96F-2EF4-13CF-4B35-E43821F7DC0A}.Debug|Any CPU.Build.0 = Debug|Any CPU
		{249BC96F-2EF4-13CF-4B35-E43821F7DC0A}.Release|Any CPU.ActiveCfg = Release|Any CPU
		{249BC96F-2EF4-13CF-4B35-E43821F7DC0A}.Release|Any CPU.Build.0 = Release|Any CPU
	EndGlobalSection
	GlobalSection(SolutionProperties) = preSolution
		HideSolutionNode = FALSE
	EndGlobalSection
EndGlobal
